
Microsoft Visual Studio Solution File, Format Version 12.00
# Visual Studio 15
VisualStudioVersion = 15.0.28307.106
MinimumVisualStudioVersion = 10.0.40219.1
Project("{9A19103F-16F7-4668-BE54-9A1E7A4F7556}") = "CommonTestActions", "CommonTestActions\CommonTestActions.csproj", "{C70B95B8-B919-49C2-845B-AC3D86C1DF91}"
EndProject
Project("{9A19103F-16F7-4668-BE54-9A1E7A4F7556}") = "CoreTestApi", "..\CoreTestApi\CoreTestApi\CoreTestApi.csproj", "{8DA9E9F2-470E-4371-B523-742C9FE27F36}"
EndProject
Project("{FAE04EC0-301F-11D3-BF4B-00C04F79EFBC}") = "ConsoleApp1", "ConsoleApp1\ConsoleApp1.csproj", "{681987F4-905A-4604-898A-8C8AC1A2E09E}"
EndProject
Project("{FAE04EC0-301F-11D3-BF4B-00C04F79EFBC}") = "NUnitTests", "NUnitTests\NUnitTests.csproj", "{FBEC88AD-0C1B-43B2-A5FF-6BF0BDF12C41}"
EndProject
Global
	GlobalSection(SolutionConfigurationPlatforms) = preSolution
		Debug|Any CPU = Debug|Any CPU
		Release|Any CPU = Release|Any CPU
	EndGlobalSection
	GlobalSection(ProjectConfigurationPlatforms) = postSolution
		{C70B95B8-B919-49C2-845B-AC3D86C1DF91}.Debug|Any CPU.ActiveCfg = Debug|Any CPU
		{C70B95B8-B919-49C2-845B-AC3D86C1DF91}.Debug|Any CPU.Build.0 = Debug|Any CPU
		{C70B95B8-B919-49C2-845B-AC3D86C1DF91}.Release|Any CPU.ActiveCfg = Release|Any CPU
		{C70B95B8-B919-49C2-845B-AC3D86C1DF91}.Release|Any CPU.Build.0 = Release|Any CPU
		{8DA9E9F2-470E-4371-B523-742C9FE27F36}.Debug|Any CPU.ActiveCfg = Debug|Any CPU
		{8DA9E9F2-470E-4371-B523-742C9FE27F36}.Debug|Any CPU.Build.0 = Debug|Any CPU
		{8DA9E9F2-470E-4371-B523-742C9FE27F36}.Release|Any CPU.ActiveCfg = Release|Any CPU
		{8DA9E9F2-470E-4371-B523-742C9FE27F36}.Release|Any CPU.Build.0 = Release|Any CPU
		{681987F4-905A-4604-898A-8C8AC1A2E09E}.Debug|Any CPU.ActiveCfg = Debug|Any CPU
		{681987F4-905A-4604-898A-8C8AC1A2E09E}.Debug|Any CPU.Build.0 = Debug|Any CPU
		{681987F4-905A-4604-898A-8C8AC1A2E09E}.Release|Any CPU.ActiveCfg = Release|Any CPU
		{681987F4-905A-4604-898A-8C8AC1A2E09E}.Release|Any CPU.Build.0 = Release|Any CPU
		{FBEC88AD-0C1B-43B2-A5FF-6BF0BDF12C41}.Debug|Any CPU.ActiveCfg = Debug|Any CPU
		{FBEC88AD-0C1B-43B2-A5FF-6BF0BDF12C41}.Debug|Any CPU.Build.0 = Debug|Any CPU
		{FBEC88AD-0C1B-43B2-A5FF-6BF0BDF12C41}.Release|Any CPU.ActiveCfg = Release|Any CPU
		{FBEC88AD-0C1B-43B2-A5FF-6BF0BDF12C41}.Release|Any CPU.Build.0 = Release|Any CPU
	EndGlobalSection
	GlobalSection(SolutionProperties) = preSolution
		HideSolutionNode = FALSE
	EndGlobalSection
	GlobalSection(ExtensibilityGlobals) = postSolution
		SolutionGuid = {60391F48-7D38-4BCA-80B8-D3FFFB5E9389}
	EndGlobalSection
EndGlobal
